
Microsoft Visual Studio Solution File, Format Version 12.00
# Visual Studio 2012
Project("{FAE04EC0-301F-11D3-BF4B-00C04F79EFBC}") = "MvcMusicStore", "MvcMusicStore\MvcMusicStore.csproj", "{D56A7FD5-4FE2-42B4-BAAA-4992B5A6BCD1}"
EndProject
Project("{FAE04EC0-301F-11D3-BF4B-00C04F79EFBC}") = "MvcMusicStore.Tests", "MvcMusicStore.Tests\MvcMusicStore.Tests.csproj", "{56032791-3D2C-4B70-A65F-1B2E8FC9E836}"
EndProject
Global
	GlobalSection(SolutionConfigurationPlatforms) = preSolution
		Debug|Any CPU = Debug|Any CPU
		Release|Any CPU = Release|Any CPU
	EndGlobalSection
	GlobalSection(ProjectConfigurationPlatforms) = postSolution
		{D56A7FD5-4FE2-42B4-BAAA-4992B5A6BCD1}.Debug|Any CPU.ActiveCfg = Debug|Any CPU
		{D56A7FD5-4FE2-42B4-BAAA-4992B5A6BCD1}.Debug|Any CPU.Build.0 = Debug|Any CPU
		{D56A7FD5-4FE2-42B4-BAAA-4992B5A6BCD1}.Release|Any CPU.ActiveCfg = Release|Any CPU
		{D56A7FD5-4FE2-42B4-BAAA-4992B5A6BCD1}.Release|Any CPU.Build.0 = Release|Any CPU
		{56032791-3D2C-4B70-A65F-1B2E8FC9E836}.Debug|Any CPU.ActiveCfg = Debug|Any CPU
		{56032791-3D2C-4B70-A65F-1B2E8FC9E836}.Debug|Any CPU.Build.0 = Debug|Any CPU
		{56032791-3D2C-4B70-A65F-1B2E8FC9E836}.Release|Any CPU.ActiveCfg = Release|Any CPU
		{56032791-3D2C-4B70-A65F-1B2E8FC9E836}.Release|Any CPU.Build.0 = Release|Any CPU
	EndGlobalSection
	GlobalSection(SolutionProperties) = preSolution
		HideSolutionNode = FALSE
	EndGlobalSection
EndGlobal
